
Microsoft Visual Studio Solution File, Format Version 12.00
# Visual Studio 14
VisualStudioVersion = 14.0.25420.1
MinimumVisualStudioVersion = 10.0.40219.1
Project("{FAE04EC0-301F-11D3-BF4B-00C04F79EFBC}") = "Searchler", "Searchler\Searchler\Searchler.csproj", "{44B66DF8-B9C6-41EC-8E83-09C08BBC8C3D}"
EndProject
Project("{FAE04EC0-301F-11D3-BF4B-00C04F79EFBC}") = "Searchler.iOS", "Searchler\Searchler.iOS\Searchler.iOS.csproj", "{0D00ADEE-54E9-444D-A2F7-071DCB906CD8}"
EndProject
Project("{FAE04EC0-301F-11D3-BF4B-00C04F79EFBC}") = "Searchler.UWP", "Searchler\Searchler.UWP\Searchler.UWP.csproj", "{9FC4D90A-E299-4BBC-8E4C-C47B05F48F76}"
EndProject
Project("{FAE04EC0-301F-11D3-BF4B-00C04F79EFBC}") = "Searchler.Droid", "Searchler\Searchler.Droid\Searchler.Droid.csproj", "{CAA09609-7CD9-449F-A159-D9B29A3491E8}"
EndProject
Project("{FAE04EC0-301F-11D3-BF4B-00C04F79EFBC}") = "Hqub.MusicBrainz.API", "MusicBrainz\Hqub.MusicBrainz\Hqub.MusicBrainz.API\Hqub.MusicBrainz.API.csproj", "{77832DED-EEFE-4DB9-94AF-B0BE02CEC356}"
EndProject
Project("{FAE04EC0-301F-11D3-BF4B-00C04F79EFBC}") = "Hqub.MusicBrainz.API.Portable", "MusicBrainz\Hqub.MusicBrainz\Hqub.MusicBrainz.API.Portable\Hqub.MusicBrainz.API.Portable.csproj", "{08D4701E-168C-43D1-9C6E-34B079CFD934}"
EndProject
Project("{FAE04EC0-301F-11D3-BF4B-00C04F79EFBC}") = "YoutubeExtractor_Portable", "YoutubeExtractor\YoutubeExtractor\YoutubeExtractor\YoutubeExtractor_Portable.csproj", "{1BB4CF4D-3617-4A23-B51A-DA7711E6F8EB}"
EndProject
Global
	GlobalSection(SolutionConfigurationPlatforms) = preSolution
		Ad-Hoc|Any CPU = Ad-Hoc|Any CPU
		Ad-Hoc|ARM = Ad-Hoc|ARM
		Ad-Hoc|iPhone = Ad-Hoc|iPhone
		Ad-Hoc|iPhoneSimulator = Ad-Hoc|iPhoneSimulator
		Ad-Hoc|x64 = Ad-Hoc|x64
		Ad-Hoc|x86 = Ad-Hoc|x86
		AppStore|Any CPU = AppStore|Any CPU
		AppStore|ARM = AppStore|ARM
		AppStore|iPhone = AppStore|iPhone
		AppStore|iPhoneSimulator = AppStore|iPhoneSimulator
		AppStore|x64 = AppStore|x64
		AppStore|x86 = AppStore|x86
		Debug|Any CPU = Debug|Any CPU
		Debug|ARM = Debug|ARM
		Debug|iPhone = Debug|iPhone
		Debug|iPhoneSimulator = Debug|iPhoneSimulator
		Debug|x64 = Debug|x64
		Debug|x86 = Debug|x86
		Release|Any CPU = Release|Any CPU
		Release|ARM = Release|ARM
		Release|iPhone = Release|iPhone
		Release|iPhoneSimulator = Release|iPhoneSimulator
		Release|x64 = Release|x64
		Release|x86 = Release|x86
		Travis|Any CPU = Travis|Any CPU
		Travis|ARM = Travis|ARM
		Travis|iPhone = Travis|iPhone
		Travis|iPhoneSimulator = Travis|iPhoneSimulator
		Travis|x64 = Travis|x64
		Travis|x86 = Travis|x86
		Trial|Any CPU = Trial|Any CPU
		Trial|ARM = Trial|ARM
		Trial|iPhone = Trial|iPhone
		Trial|iPhoneSimulator = Trial|iPhoneSimulator
		Trial|x64 = Trial|x64
		Trial|x86 = Trial|x86
	EndGlobalSection
	GlobalSection(ProjectConfigurationPlatforms) = postSolution
		{44B66DF8-B9C6-41EC-8E83-09C08BBC8C3D}.Ad-Hoc|Any CPU.ActiveCfg = Release|Any CPU
		{44B66DF8-B9C6-41EC-8E83-09C08BBC8C3D}.Ad-Hoc|Any CPU.Build.0 = Release|Any CPU
		{44B66DF8-B9C6-41EC-8E83-09C08BBC8C3D}.Ad-Hoc|ARM.ActiveCfg = Release|Any CPU
		{44B66DF8-B9C6-41EC-8E83-09C08BBC8C3D}.Ad-Hoc|ARM.Build.0 = Release|Any CPU
		{44B66DF8-B9C6-41EC-8E83-09C08BBC8C3D}.Ad-Hoc|iPhone.ActiveCfg = Release|Any CPU
		{44B66DF8-B9C6-41EC-8E83-09C08BBC8C3D}.Ad-Hoc|iPhone.Build.0 = Release|Any CPU
		{44B66DF8-B9C6-41EC-8E83-09C08BBC8C3D}.Ad-Hoc|iPhoneSimulator.ActiveCfg = Release|Any CPU
		{44B66DF8-B9C6-41EC-8E83-09C08BBC8C3D}.Ad-Hoc|iPhoneSimulator.Build.0 = Release|Any CPU
		{44B66DF8-B9C6-41EC-8E83-09C08BBC8C3D}.Ad-Hoc|x64.ActiveCfg = Release|Any CPU
		{44B66DF8-B9C6-41EC-8E83-09C08BBC8C3D}.Ad-Hoc|x64.Build.0 = Release|Any CPU
		{44B66DF8-B9C6-41EC-8E83-09C08BBC8C3D}.Ad-Hoc|x86.ActiveCfg = Release|Any CPU
		{44B66DF8-B9C6-41EC-8E83-09C08BBC8C3D}.Ad-Hoc|x86.Build.0 = Release|Any CPU
		{44B66DF8-B9C6-41EC-8E83-09C08BBC8C3D}.AppStore|Any CPU.ActiveCfg = Release|Any CPU
		{44B66DF8-B9C6-41EC-8E83-09C08BBC8C3D}.AppStore|Any CPU.Build.0 = Release|Any CPU
		{44B66DF8-B9C6-41EC-8E83-09C08BBC8C3D}.AppStore|ARM.ActiveCfg = Release|Any CPU
		{44B66DF8-B9C6-41EC-8E83-09C08BBC8C3D}.AppStore|ARM.Build.0 = Release|Any CPU
		{44B66DF8-B9C6-41EC-8E83-09C08BBC8C3D}.AppStore|iPhone.ActiveCfg = Release|Any CPU
		{44B66DF8-B9C6-41EC-8E83-09C08BBC8C3D}.AppStore|iPhone.Build.0 = Release|Any CPU
		{44B66DF8-B9C6-41EC-8E83-09C08BBC8C3D}.AppStore|iPhoneSimulator.ActiveCfg = Release|Any CPU
		{44B66DF8-B9C6-41EC-8E83-09C08BBC8C3D}.AppStore|iPhoneSimulator.Build.0 = Release|Any CPU
		{44B66DF8-B9C6-41EC-8E83-09C08BBC8C3D}.AppStore|x64.ActiveCfg = Release|Any CPU
		{44B66DF8-B9C6-41EC-8E83-09C08BBC8C3D}.AppStore|x64.Build.0 = Release|Any CPU
		{44B66DF8-B9C6-41EC-8E83-09C08BBC8C3D}.AppStore|x86.ActiveCfg = Release|Any CPU
		{44B66DF8-B9C6-41EC-8E83-09C08BBC8C3D}.AppStore|x86.Build.0 = Release|Any CPU
		{44B66DF8-B9C6-41EC-8E83-09C08BBC8C3D}.Debug|Any CPU.ActiveCfg = Debug|Any CPU
		{44B66DF8-B9C6-41EC-8E83-09C08BBC8C3D}.Debug|Any CPU.Build.0 = Debug|Any CPU
		{44B66DF8-B9C6-41EC-8E83-09C08BBC8C3D}.Debug|ARM.ActiveCfg = Debug|Any CPU
		{44B66DF8-B9C6-41EC-8E83-09C08BBC8C3D}.Debug|ARM.Build.0 = Debug|Any CPU
		{44B66DF8-B9C6-41EC-8E83-09C08BBC8C3D}.Debug|iPhone.ActiveCfg = Debug|Any CPU
		{44B66DF8-B9C6-41EC-8E83-09C08BBC8C3D}.Debug|iPhone.Build.0 = Debug|Any CPU
		{44B66DF8-B9C6-41EC-8E83-09C08BBC8C3D}.Debug|iPhoneSimulator.ActiveCfg = Debug|Any CPU
		{44B66DF8-B9C6-41EC-8E83-09C08BBC8C3D}.Debug|iPhoneSimulator.Build.0 = Debug|Any CPU
		{44B66DF8-B9C6-41EC-8E83-09C08BBC8C3D}.Debug|x64.ActiveCfg = Debug|Any CPU
		{44B66DF8-B9C6-41EC-8E83-09C08BBC8C3D}.Debug|x64.Build.0 = Debug|Any CPU
		{44B66DF8-B9C6-41EC-8E83-09C08BBC8C3D}.Debug|x86.ActiveCfg = Debug|Any CPU
		{44B66DF8-B9C6-41EC-8E83-09C08BBC8C3D}.Debug|x86.Build.0 = Debug|Any CPU
		{44B66DF8-B9C6-41EC-8E83-09C08BBC8C3D}.Release|Any CPU.ActiveCfg = Release|Any CPU
		{44B66DF8-B9C6-41EC-8E83-09C08BBC8C3D}.Release|Any CPU.Build.0 = Release|Any CPU
		{44B66DF8-B9C6-41EC-8E83-09C08BBC8C3D}.Release|ARM.ActiveCfg = Release|Any CPU
		{44B66DF8-B9C6-41EC-8E83-09C08BBC8C3D}.Release|ARM.Build.0 = Release|Any CPU
		{44B66DF8-B9C6-41EC-8E83-09C08BBC8C3D}.Release|iPhone.ActiveCfg = Release|Any CPU
		{44B66DF8-B9C6-41EC-8E83-09C08BBC8C3D}.Release|iPhone.Build.0 = Release|Any CPU
		{44B66DF8-B9C6-41EC-8E83-09C08BBC8C3D}.Release|iPhoneSimulator.ActiveCfg = Release|Any CPU
		{44B66DF8-B9C6-41EC-8E83-09C08BBC8C3D}.Release|iPhoneSimulator.Build.0 = Release|Any CPU
		{44B66DF8-B9C6-41EC-8E83-09C08BBC8C3D}.Release|x64.ActiveCfg = Release|Any CPU
		{44B66DF8-B9C6-41EC-8E83-09C08BBC8C3D}.Release|x64.Build.0 = Release|Any CPU
		{44B66DF8-B9C6-41EC-8E83-09C08BBC8C3D}.Release|x86.ActiveCfg = Release|Any CPU
		{44B66DF8-B9C6-41EC-8E83-09C08BBC8C3D}.Release|x86.Build.0 = Release|Any CPU
		{44B66DF8-B9C6-41EC-8E83-09C08BBC8C3D}.Travis|Any CPU.ActiveCfg = Debug|Any CPU
		{44B66DF8-B9C6-41EC-8E83-09C08BBC8C3D}.Travis|Any CPU.Build.0 = Debug|Any CPU
		{44B66DF8-B9C6-41EC-8E83-09C08BBC8C3D}.Travis|ARM.ActiveCfg = Debug|Any CPU
		{44B66DF8-B9C6-41EC-8E83-09C08BBC8C3D}.Travis|ARM.Build.0 = Debug|Any CPU
		{44B66DF8-B9C6-41EC-8E83-09C08BBC8C3D}.Travis|iPhone.ActiveCfg = Debug|Any CPU
		{44B66DF8-B9C6-41EC-8E83-09C08BBC8C3D}.Travis|iPhone.Build.0 = Debug|Any CPU
		{44B66DF8-B9C6-41EC-8E83-09C08BBC8C3D}.Travis|iPhoneSimulator.ActiveCfg = Debug|Any CPU
		{44B66DF8-B9C6-41EC-8E83-09C08BBC8C3D}.Travis|iPhoneSimulator.Build.0 = Debug|Any CPU
		{44B66DF8-B9C6-41EC-8E83-09C08BBC8C3D}.Travis|x64.ActiveCfg = Debug|Any CPU
		{44B66DF8-B9C6-41EC-8E83-09C08BBC8C3D}.Travis|x64.Build.0 = Debug|Any CPU
		{44B66DF8-B9C6-41EC-8E83-09C08BBC8C3D}.Travis|x86.ActiveCfg = Debug|Any CPU
		{44B66DF8-B9C6-41EC-8E83-09C08BBC8C3D}.Travis|x86.Build.0 = Debug|Any CPU
		{44B66DF8-B9C6-41EC-8E83-09C08BBC8C3D}.Trial|Any CPU.ActiveCfg = Debug|Any CPU
		{44B66DF8-B9C6-41EC-8E83-09C08BBC8C3D}.Trial|Any CPU.Build.0 = Debug|Any CPU
		{44B66DF8-B9C6-41EC-8E83-09C08BBC8C3D}.Trial|ARM.ActiveCfg = Debug|Any CPU
		{44B66DF8-B9C6-41EC-8E83-09C08BBC8C3D}.Trial|ARM.Build.0 = Debug|Any CPU
		{44B66DF8-B9C6-41EC-8E83-09C08BBC8C3D}.Trial|iPhone.ActiveCfg = Debug|Any CPU
		{44B66DF8-B9C6-41EC-8E83-09C08BBC8C3D}.Trial|iPhone.Build.0 = Debug|Any CPU
		{44B66DF8-B9C6-41EC-8E83-09C08BBC8C3D}.Trial|iPhoneSimulator.ActiveCfg = Debug|Any CPU
		{44B66DF8-B9C6-41EC-8E83-09C08BBC8C3D}.Trial|iPhoneSimulator.Build.0 = Debug|Any CPU
		{44B66DF8-B9C6-41EC-8E83-09C08BBC8C3D}.Trial|x64.ActiveCfg = Debug|Any CPU
		{44B66DF8-B9C6-41EC-8E83-09C08BBC8C3D}.Trial|x64.Build.0 = Debug|Any CPU
		{44B66DF8-B9C6-41EC-8E83-09C08BBC8C3D}.Trial|x86.ActiveCfg = Debug|Any CPU
		{44B66DF8-B9C6-41EC-8E83-09C08BBC8C3D}.Trial|x86.Build.0 = Debug|Any CPU
		{0D00ADEE-54E9-444D-A2F7-071DCB906CD8}.Ad-Hoc|Any CPU.ActiveCfg = Ad-Hoc|iPhone
		{0D00ADEE-54E9-444D-A2F7-071DCB906CD8}.Ad-Hoc|ARM.ActiveCfg = Ad-Hoc|iPhone
		{0D00ADEE-54E9-444D-A2F7-071DCB906CD8}.Ad-Hoc|iPhone.ActiveCfg = Ad-Hoc|iPhone
		{0D00ADEE-54E9-444D-A2F7-071DCB906CD8}.Ad-Hoc|iPhone.Build.0 = Ad-Hoc|iPhone
		{0D00ADEE-54E9-444D-A2F7-071DCB906CD8}.Ad-Hoc|iPhoneSimulator.ActiveCfg = Ad-Hoc|iPhoneSimulator
		{0D00ADEE-54E9-444D-A2F7-071DCB906CD8}.Ad-Hoc|iPhoneSimulator.Build.0 = Ad-Hoc|iPhoneSimulator
		{0D00ADEE-54E9-444D-A2F7-071DCB906CD8}.Ad-Hoc|x64.ActiveCfg = Ad-Hoc|iPhone
		{0D00ADEE-54E9-444D-A2F7-071DCB906CD8}.Ad-Hoc|x86.ActiveCfg = Ad-Hoc|iPhone
		{0D00ADEE-54E9-444D-A2F7-071DCB906CD8}.AppStore|Any CPU.ActiveCfg = AppStore|iPhone
		{0D00ADEE-54E9-444D-A2F7-071DCB906CD8}.AppStore|ARM.ActiveCfg = AppStore|iPhone
		{0D00ADEE-54E9-444D-A2F7-071DCB906CD8}.AppStore|iPhone.ActiveCfg = AppStore|iPhone
		{0D00ADEE-54E9-444D-A2F7-071DCB906CD8}.AppStore|iPhone.Build.0 = AppStore|iPhone
		{0D00ADEE-54E9-444D-A2F7-071DCB906CD8}.AppStore|iPhoneSimulator.ActiveCfg = AppStore|iPhoneSimulator
		{0D00ADEE-54E9-444D-A2F7-071DCB906CD8}.AppStore|iPhoneSimulator.Build.0 = AppStore|iPhoneSimulator
		{0D00ADEE-54E9-444D-A2F7-071DCB906CD8}.AppStore|x64.ActiveCfg = AppStore|iPhone
		{0D00ADEE-54E9-444D-A2F7-071DCB906CD8}.AppStore|x86.ActiveCfg = AppStore|iPhone
		{0D00ADEE-54E9-444D-A2F7-071DCB906CD8}.Debug|Any CPU.ActiveCfg = Debug|iPhone
		{0D00ADEE-54E9-444D-A2F7-071DCB906CD8}.Debug|ARM.ActiveCfg = Debug|iPhone
		{0D00ADEE-54E9-444D-A2F7-071DCB906CD8}.Debug|iPhone.ActiveCfg = Debug|iPhone
		{0D00ADEE-54E9-444D-A2F7-071DCB906CD8}.Debug|iPhone.Build.0 = Debug|iPhone
		{0D00ADEE-54E9-444D-A2F7-071DCB906CD8}.Debug|iPhoneSimulator.ActiveCfg = Debug|iPhoneSimulator
		{0D00ADEE-54E9-444D-A2F7-071DCB906CD8}.Debug|iPhoneSimulator.Build.0 = Debug|iPhoneSimulator
		{0D00ADEE-54E9-444D-A2F7-071DCB906CD8}.Debug|x64.ActiveCfg = Debug|iPhone
		{0D00ADEE-54E9-444D-A2F7-071DCB906CD8}.Debug|x86.ActiveCfg = Debug|iPhone
		{0D00ADEE-54E9-444D-A2F7-071DCB906CD8}.Release|Any CPU.ActiveCfg = Release|iPhone
		{0D00ADEE-54E9-444D-A2F7-071DCB906CD8}.Release|ARM.ActiveCfg = Release|iPhone
		{0D00ADEE-54E9-444D-A2F7-071DCB906CD8}.Release|iPhone.ActiveCfg = Release|iPhone
		{0D00ADEE-54E9-444D-A2F7-071DCB906CD8}.Release|iPhone.Build.0 = Release|iPhone
		{0D00ADEE-54E9-444D-A2F7-071DCB906CD8}.Release|iPhoneSimulator.ActiveCfg = Release|iPhoneSimulator
		{0D00ADEE-54E9-444D-A2F7-071DCB906CD8}.Release|iPhoneSimulator.Build.0 = Release|iPhoneSimulator
		{0D00ADEE-54E9-444D-A2F7-071DCB906CD8}.Release|x64.ActiveCfg = Release|iPhone
		{0D00ADEE-54E9-444D-A2F7-071DCB906CD8}.Release|x86.ActiveCfg = Release|iPhone
		{0D00ADEE-54E9-444D-A2F7-071DCB906CD8}.Travis|Any CPU.ActiveCfg = Release|iPhoneSimulator
		{0D00ADEE-54E9-444D-A2F7-071DCB906CD8}.Travis|Any CPU.Build.0 = Release|iPhoneSimulator
		{0D00ADEE-54E9-444D-A2F7-071DCB906CD8}.Travis|ARM.ActiveCfg = Release|iPhoneSimulator
		{0D00ADEE-54E9-444D-A2F7-071DCB906CD8}.Travis|ARM.Build.0 = Release|iPhoneSimulator
		{0D00ADEE-54E9-444D-A2F7-071DCB906CD8}.Travis|iPhone.ActiveCfg = Release|iPhone
		{0D00ADEE-54E9-444D-A2F7-071DCB906CD8}.Travis|iPhone.Build.0 = Release|iPhone
		{0D00ADEE-54E9-444D-A2F7-071DCB906CD8}.Travis|iPhoneSimulator.ActiveCfg = Release|iPhoneSimulator
		{0D00ADEE-54E9-444D-A2F7-071DCB906CD8}.Travis|iPhoneSimulator.Build.0 = Release|iPhoneSimulator
		{0D00ADEE-54E9-444D-A2F7-071DCB906CD8}.Travis|x64.ActiveCfg = Release|iPhoneSimulator
		{0D00ADEE-54E9-444D-A2F7-071DCB906CD8}.Travis|x64.Build.0 = Release|iPhoneSimulator
		{0D00ADEE-54E9-444D-A2F7-071DCB906CD8}.Travis|x86.ActiveCfg = Release|iPhoneSimulator
		{0D00ADEE-54E9-444D-A2F7-071DCB906CD8}.Travis|x86.Build.0 = Release|iPhoneSimulator
		{0D00ADEE-54E9-444D-A2F7-071DCB906CD8}.Trial|Any CPU.ActiveCfg = Release|iPhoneSimulator
		{0D00ADEE-54E9-444D-A2F7-071DCB906CD8}.Trial|Any CPU.Build.0 = Release|iPhoneSimulator
		{0D00ADEE-54E9-444D-A2F7-071DCB906CD8}.Trial|ARM.ActiveCfg = Release|iPhoneSimulator
		{0D00ADEE-54E9-444D-A2F7-071DCB906CD8}.Trial|ARM.Build.0 = Release|iPhoneSimulator
		{0D00ADEE-54E9-444D-A2F7-071DCB906CD8}.Trial|iPhone.ActiveCfg = Release|iPhone
		{0D00ADEE-54E9-444D-A2F7-071DCB906CD8}.Trial|iPhone.Build.0 = Release|iPhone
		{0D00ADEE-54E9-444D-A2F7-071DCB906CD8}.Trial|iPhoneSimulator.ActiveCfg = Release|iPhoneSimulator
		{0D00ADEE-54E9-444D-A2F7-071DCB906CD8}.Trial|iPhoneSimulator.Build.0 = Release|iPhoneSimulator
		{0D00ADEE-54E9-444D-A2F7-071DCB906CD8}.Trial|x64.ActiveCfg = Release|iPhoneSimulator
		{0D00ADEE-54E9-444D-A2F7-071DCB906CD8}.Trial|x64.Build.0 = Release|iPhoneSimulator
		{0D00ADEE-54E9-444D-A2F7-071DCB906CD8}.Trial|x86.ActiveCfg = Release|iPhoneSimulator
		{0D00ADEE-54E9-444D-A2F7-071DCB906CD8}.Trial|x86.Build.0 = Release|iPhoneSimulator
		{9FC4D90A-E299-4BBC-8E4C-C47B05F48F76}.Ad-Hoc|Any CPU.ActiveCfg = Release|x86
		{9FC4D90A-E299-4BBC-8E4C-C47B05F48F76}.Ad-Hoc|Any CPU.Build.0 = Release|x86
		{9FC4D90A-E299-4BBC-8E4C-C47B05F48F76}.Ad-Hoc|Any CPU.Deploy.0 = Release|x86
		{9FC4D90A-E299-4BBC-8E4C-C47B05F48F76}.Ad-Hoc|ARM.ActiveCfg = Release|ARM
		{9FC4D90A-E299-4BBC-8E4C-C47B05F48F76}.Ad-Hoc|ARM.Build.0 = Release|ARM
		{9FC4D90A-E299-4BBC-8E4C-C47B05F48F76}.Ad-Hoc|ARM.Deploy.0 = Release|ARM
		{9FC4D90A-E299-4BBC-8E4C-C47B05F48F76}.Ad-Hoc|iPhone.ActiveCfg = Release|x86
		{9FC4D90A-E299-4BBC-8E4C-C47B05F48F76}.Ad-Hoc|iPhone.Build.0 = Release|x86
		{9FC4D90A-E299-4BBC-8E4C-C47B05F48F76}.Ad-Hoc|iPhone.Deploy.0 = Release|x86
		{9FC4D90A-E299-4BBC-8E4C-C47B05F48F76}.Ad-Hoc|iPhoneSimulator.ActiveCfg = Release|x86
		{9FC4D90A-E299-4BBC-8E4C-C47B05F48F76}.Ad-Hoc|iPhoneSimulator.Build.0 = Release|x86
		{9FC4D90A-E299-4BBC-8E4C-C47B05F48F76}.Ad-Hoc|iPhoneSimulator.Deploy.0 = Release|x86
		{9FC4D90A-E299-4BBC-8E4C-C47B05F48F76}.Ad-Hoc|x64.ActiveCfg = Release|x64
		{9FC4D90A-E299-4BBC-8E4C-C47B05F48F76}.Ad-Hoc|x64.Build.0 = Release|x64
		{9FC4D90A-E299-4BBC-8E4C-C47B05F48F76}.Ad-Hoc|x64.Deploy.0 = Release|x64
		{9FC4D90A-E299-4BBC-8E4C-C47B05F48F76}.Ad-Hoc|x86.ActiveCfg = Release|x86
		{9FC4D90A-E299-4BBC-8E4C-C47B05F48F76}.Ad-Hoc|x86.Build.0 = Release|x86
		{9FC4D90A-E299-4BBC-8E4C-C47B05F48F76}.Ad-Hoc|x86.Deploy.0 = Release|x86
		{9FC4D90A-E299-4BBC-8E4C-C47B05F48F76}.AppStore|Any CPU.ActiveCfg = Release|x86
		{9FC4D90A-E299-4BBC-8E4C-C47B05F48F76}.AppStore|Any CPU.Build.0 = Release|x86
		{9FC4D90A-E299-4BBC-8E4C-C47B05F48F76}.AppStore|Any CPU.Deploy.0 = Release|x86
		{9FC4D90A-E299-4BBC-8E4C-C47B05F48F76}.AppStore|ARM.ActiveCfg = Release|ARM
		{9FC4D90A-E299-4BBC-8E4C-C47B05F48F76}.AppStore|ARM.Build.0 = Release|ARM
		{9FC4D90A-E299-4BBC-8E4C-C47B05F48F76}.AppStore|ARM.Deploy.0 = Release|ARM
		{9FC4D90A-E299-4BBC-8E4C-C47B05F48F76}.AppStore|iPhone.ActiveCfg = Release|x86
		{9FC4D90A-E299-4BBC-8E4C-C47B05F48F76}.AppStore|iPhone.Build.0 = Release|x86
		{9FC4D90A-E299-4BBC-8E4C-C47B05F48F76}.AppStore|iPhone.Deploy.0 = Release|x86
		{9FC4D90A-E299-4BBC-8E4C-C47B05F48F76}.AppStore|iPhoneSimulator.ActiveCfg = Release|x86
		{9FC4D90A-E299-4BBC-8E4C-C47B05F48F76}.AppStore|iPhoneSimulator.Build.0 = Release|x86
		{9FC4D90A-E299-4BBC-8E4C-C47B05F48F76}.AppStore|iPhoneSimulator.Deploy.0 = Release|x86
		{9FC4D90A-E299-4BBC-8E4C-C47B05F48F76}.AppStore|x64.ActiveCfg = Release|x64
		{9FC4D90A-E299-4BBC-8E4C-C47B05F48F76}.AppStore|x64.Build.0 = Release|x64
		{9FC4D90A-E299-4BBC-8E4C-C47B05F48F76}.AppStore|x64.Deploy.0 = Release|x64
		{9FC4D90A-E299-4BBC-8E4C-C47B05F48F76}.AppStore|x86.ActiveCfg = Release|x86
		{9FC4D90A-E299-4BBC-8E4C-C47B05F48F76}.AppStore|x86.Build.0 = Release|x86
		{9FC4D90A-E299-4BBC-8E4C-C47B05F48F76}.AppStore|x86.Deploy.0 = Release|x86
		{9FC4D90A-E299-4BBC-8E4C-C47B05F48F76}.Debug|Any CPU.ActiveCfg = Debug|x86
		{9FC4D90A-E299-4BBC-8E4C-C47B05F48F76}.Debug|ARM.ActiveCfg = Debug|ARM
		{9FC4D90A-E299-4BBC-8E4C-C47B05F48F76}.Debug|ARM.Build.0 = Debug|ARM
		{9FC4D90A-E299-4BBC-8E4C-C47B05F48F76}.Debug|ARM.Deploy.0 = Debug|ARM
		{9FC4D90A-E299-4BBC-8E4C-C47B05F48F76}.Debug|iPhone.ActiveCfg = Debug|x86
		{9FC4D90A-E299-4BBC-8E4C-C47B05F48F76}.Debug|iPhoneSimulator.ActiveCfg = Debug|x86
		{9FC4D90A-E299-4BBC-8E4C-C47B05F48F76}.Debug|x64.ActiveCfg = Debug|x64
		{9FC4D90A-E299-4BBC-8E4C-C47B05F48F76}.Debug|x64.Build.0 = Debug|x64
		{9FC4D90A-E299-4BBC-8E4C-C47B05F48F76}.Debug|x64.Deploy.0 = Debug|x64
		{9FC4D90A-E299-4BBC-8E4C-C47B05F48F76}.Debug|x86.ActiveCfg = Debug|x86
		{9FC4D90A-E299-4BBC-8E4C-C47B05F48F76}.Debug|x86.Build.0 = Debug|x86
		{9FC4D90A-E299-4BBC-8E4C-C47B05F48F76}.Debug|x86.Deploy.0 = Debug|x86
		{9FC4D90A-E299-4BBC-8E4C-C47B05F48F76}.Release|Any CPU.ActiveCfg = Release|x86
		{9FC4D90A-E299-4BBC-8E4C-C47B05F48F76}.Release|ARM.ActiveCfg = Release|ARM
		{9FC4D90A-E299-4BBC-8E4C-C47B05F48F76}.Release|ARM.Build.0 = Release|ARM
		{9FC4D90A-E299-4BBC-8E4C-C47B05F48F76}.Release|ARM.Deploy.0 = Release|ARM
		{9FC4D90A-E299-4BBC-8E4C-C47B05F48F76}.Release|iPhone.ActiveCfg = Release|x86
		{9FC4D90A-E299-4BBC-8E4C-C47B05F48F76}.Release|iPhoneSimulator.ActiveCfg = Release|x86
		{9FC4D90A-E299-4BBC-8E4C-C47B05F48F76}.Release|x64.ActiveCfg = Release|x64
		{9FC4D90A-E299-4BBC-8E4C-C47B05F48F76}.Release|x64.Build.0 = Release|x64
		{9FC4D90A-E299-4BBC-8E4C-C47B05F48F76}.Release|x64.Deploy.0 = Release|x64
		{9FC4D90A-E299-4BBC-8E4C-C47B05F48F76}.Release|x86.ActiveCfg = Release|x86
		{9FC4D90A-E299-4BBC-8E4C-C47B05F48F76}.Release|x86.Build.0 = Release|x86
		{9FC4D90A-E299-4BBC-8E4C-C47B05F48F76}.Release|x86.Deploy.0 = Release|x86
		{9FC4D90A-E299-4BBC-8E4C-C47B05F48F76}.Travis|Any CPU.ActiveCfg = Debug|x64
		{9FC4D90A-E299-4BBC-8E4C-C47B05F48F76}.Travis|Any CPU.Build.0 = Debug|x64
		{9FC4D90A-E299-4BBC-8E4C-C47B05F48F76}.Travis|Any CPU.Deploy.0 = Debug|x64
		{9FC4D90A-E299-4BBC-8E4C-C47B05F48F76}.Travis|ARM.ActiveCfg = Debug|ARM
		{9FC4D90A-E299-4BBC-8E4C-C47B05F48F76}.Travis|ARM.Build.0 = Debug|ARM
		{9FC4D90A-E299-4BBC-8E4C-C47B05F48F76}.Travis|ARM.Deploy.0 = Debug|ARM
		{9FC4D90A-E299-4BBC-8E4C-C47B05F48F76}.Travis|iPhone.ActiveCfg = Debug|x64
		{9FC4D90A-E299-4BBC-8E4C-C47B05F48F76}.Travis|iPhone.Build.0 = Debug|x64
		{9FC4D90A-E299-4BBC-8E4C-C47B05F48F76}.Travis|iPhone.Deploy.0 = Debug|x64
		{9FC4D90A-E299-4BBC-8E4C-C47B05F48F76}.Travis|iPhoneSimulator.ActiveCfg = Debug|x64
		{9FC4D90A-E299-4BBC-8E4C-C47B05F48F76}.Travis|iPhoneSimulator.Build.0 = Debug|x64
		{9FC4D90A-E299-4BBC-8E4C-C47B05F48F76}.Travis|iPhoneSimulator.Deploy.0 = Debug|x64
		{9FC4D90A-E299-4BBC-8E4C-C47B05F48F76}.Travis|x64.ActiveCfg = Debug|x64
		{9FC4D90A-E299-4BBC-8E4C-C47B05F48F76}.Travis|x64.Build.0 = Debug|x64
		{9FC4D90A-E299-4BBC-8E4C-C47B05F48F76}.Travis|x64.Deploy.0 = Debug|x64
		{9FC4D90A-E299-4BBC-8E4C-C47B05F48F76}.Travis|x86.ActiveCfg = Debug|x86
		{9FC4D90A-E299-4BBC-8E4C-C47B05F48F76}.Travis|x86.Build.0 = Debug|x86
		{9FC4D90A-E299-4BBC-8E4C-C47B05F48F76}.Travis|x86.Deploy.0 = Debug|x86
		{9FC4D90A-E299-4BBC-8E4C-C47B05F48F76}.Trial|Any CPU.ActiveCfg = Debug|x64
		{9FC4D90A-E299-4BBC-8E4C-C47B05F48F76}.Trial|Any CPU.Build.0 = Debug|x64
		{9FC4D90A-E299-4BBC-8E4C-C47B05F48F76}.Trial|Any CPU.Deploy.0 = Debug|x64
		{9FC4D90A-E299-4BBC-8E4C-C47B05F48F76}.Trial|ARM.ActiveCfg = Debug|ARM
		{9FC4D90A-E299-4BBC-8E4C-C47B05F48F76}.Trial|ARM.Build.0 = Debug|ARM
		{9FC4D90A-E299-4BBC-8E4C-C47B05F48F76}.Trial|ARM.Deploy.0 = Debug|ARM
		{9FC4D90A-E299-4BBC-8E4C-C47B05F48F76}.Trial|iPhone.ActiveCfg = Debug|x64
		{9FC4D90A-E299-4BBC-8E4C-C47B05F48F76}.Trial|iPhone.Build.0 = Debug|x64
		{9FC4D90A-E299-4BBC-8E4C-C47B05F48F76}.Trial|iPhone.Deploy.0 = Debug|x64
		{9FC4D90A-E299-4BBC-8E4C-C47B05F48F76}.Trial|iPhoneSimulator.ActiveCfg = Debug|x64
		{9FC4D90A-E299-4BBC-8E4C-C47B05F48F76}.Trial|iPhoneSimulator.Build.0 = Debug|x64
		{9FC4D90A-E299-4BBC-8E4C-C47B05F48F76}.Trial|iPhoneSimulator.Deploy.0 = Debug|x64
		{9FC4D90A-E299-4BBC-8E4C-C47B05F48F76}.Trial|x64.ActiveCfg = Debug|x64
		{9FC4D90A-E299-4BBC-8E4C-C47B05F48F76}.Trial|x64.Build.0 = Debug|x64
		{9FC4D90A-E299-4BBC-8E4C-C47B05F48F76}.Trial|x64.Deploy.0 = Debug|x64
		{9FC4D90A-E299-4BBC-8E4C-C47B05F48F76}.Trial|x86.ActiveCfg = Debug|x86
		{9FC4D90A-E299-4BBC-8E4C-C47B05F48F76}.Trial|x86.Build.0 = Debug|x86
		{9FC4D90A-E299-4BBC-8E4C-C47B05F48F76}.Trial|x86.Deploy.0 = Debug|x86
		{CAA09609-7CD9-449F-A159-D9B29A3491E8}.Ad-Hoc|Any CPU.ActiveCfg = Release|Any CPU
		{CAA09609-7CD9-449F-A159-D9B29A3491E8}.Ad-Hoc|Any CPU.Build.0 = Release|Any CPU
		{CAA09609-7CD9-449F-A159-D9B29A3491E8}.Ad-Hoc|Any CPU.Deploy.0 = Release|Any CPU
		{CAA09609-7CD9-449F-A159-D9B29A3491E8}.Ad-Hoc|ARM.ActiveCfg = Release|Any CPU
		{CAA09609-7CD9-449F-A159-D9B29A3491E8}.Ad-Hoc|ARM.Build.0 = Release|Any CPU
		{CAA09609-7CD9-449F-A159-D9B29A3491E8}.Ad-Hoc|ARM.Deploy.0 = Release|Any CPU
		{CAA09609-7CD9-449F-A159-D9B29A3491E8}.Ad-Hoc|iPhone.ActiveCfg = Release|Any CPU
		{CAA09609-7CD9-449F-A159-D9B29A3491E8}.Ad-Hoc|iPhone.Build.0 = Release|Any CPU
		{CAA09609-7CD9-449F-A159-D9B29A3491E8}.Ad-Hoc|iPhone.Deploy.0 = Release|Any CPU
		{CAA09609-7CD9-449F-A159-D9B29A3491E8}.Ad-Hoc|iPhoneSimulator.ActiveCfg = Release|Any CPU
		{CAA09609-7CD9-449F-A159-D9B29A3491E8}.Ad-Hoc|iPhoneSimulator.Build.0 = Release|Any CPU
		{CAA09609-7CD9-449F-A159-D9B29A3491E8}.Ad-Hoc|iPhoneSimulator.Deploy.0 = Release|Any CPU
		{CAA09609-7CD9-449F-A159-D9B29A3491E8}.Ad-Hoc|x64.ActiveCfg = Release|Any CPU
		{CAA09609-7CD9-449F-A159-D9B29A3491E8}.Ad-Hoc|x64.Build.0 = Release|Any CPU
		{CAA09609-7CD9-449F-A159-D9B29A3491E8}.Ad-Hoc|x64.Deploy.0 = Release|Any CPU
		{CAA09609-7CD9-449F-A159-D9B29A3491E8}.Ad-Hoc|x86.ActiveCfg = Release|Any CPU
		{CAA09609-7CD9-449F-A159-D9B29A3491E8}.Ad-Hoc|x86.Build.0 = Release|Any CPU
		{CAA09609-7CD9-449F-A159-D9B29A3491E8}.Ad-Hoc|x86.Deploy.0 = Release|Any CPU
		{CAA09609-7CD9-449F-A159-D9B29A3491E8}.AppStore|Any CPU.ActiveCfg = Release|Any CPU
		{CAA09609-7CD9-449F-A159-D9B29A3491E8}.AppStore|Any CPU.Build.0 = Release|Any CPU
		{CAA09609-7CD9-449F-A159-D9B29A3491E8}.AppStore|Any CPU.Deploy.0 = Release|Any CPU
		{CAA09609-7CD9-449F-A159-D9B29A3491E8}.AppStore|ARM.ActiveCfg = Release|Any CPU
		{CAA09609-7CD9-449F-A159-D9B29A3491E8}.AppStore|ARM.Build.0 = Release|Any CPU
		{CAA09609-7CD9-449F-A159-D9B29A3491E8}.AppStore|ARM.Deploy.0 = Release|Any CPU
		{CAA09609-7CD9-449F-A159-D9B29A3491E8}.AppStore|iPhone.ActiveCfg = Release|Any CPU
		{CAA09609-7CD9-449F-A159-D9B29A3491E8}.AppStore|iPhone.Build.0 = Release|Any CPU
		{CAA09609-7CD9-449F-A159-D9B29A3491E8}.AppStore|iPhone.Deploy.0 = Release|Any CPU
		{CAA09609-7CD9-449F-A159-D9B29A3491E8}.AppStore|iPhoneSimulator.ActiveCfg = Release|Any CPU
		{CAA09609-7CD9-449F-A159-D9B29A3491E8}.AppStore|iPhoneSimulator.Build.0 = Release|Any CPU
		{CAA09609-7CD9-449F-A159-D9B29A3491E8}.AppStore|iPhoneSimulator.Deploy.0 = Release|Any CPU
		{CAA09609-7CD9-449F-A159-D9B29A3491E8}.AppStore|x64.ActiveCfg = Release|Any CPU
		{CAA09609-7CD9-449F-A159-D9B29A3491E8}.AppStore|x64.Build.0 = Release|Any CPU
		{CAA09609-7CD9-449F-A159-D9B29A3491E8}.AppStore|x64.Deploy.0 = Release|Any CPU
		{CAA09609-7CD9-449F-A159-D9B29A3491E8}.AppStore|x86.ActiveCfg = Release|Any CPU
		{CAA09609-7CD9-449F-A159-D9B29A3491E8}.AppStore|x86.Build.0 = Release|Any CPU
		{CAA09609-7CD9-449F-A159-D9B29A3491E8}.AppStore|x86.Deploy.0 = Release|Any CPU
		{CAA09609-7CD9-449F-A159-D9B29A3491E8}.Debug|Any CPU.ActiveCfg = Debug|Any CPU
		{CAA09609-7CD9-449F-A159-D9B29A3491E8}.Debug|Any CPU.Build.0 = Debug|Any CPU
		{CAA09609-7CD9-449F-A159-D9B29A3491E8}.Debug|Any CPU.Deploy.0 = Debug|Any CPU
		{CAA09609-7CD9-449F-A159-D9B29A3491E8}.Debug|ARM.ActiveCfg = Debug|Any CPU
		{CAA09609-7CD9-449F-A159-D9B29A3491E8}.Debug|ARM.Build.0 = Debug|Any CPU
		{CAA09609-7CD9-449F-A159-D9B29A3491E8}.Debug|ARM.Deploy.0 = Debug|Any CPU
		{CAA09609-7CD9-449F-A159-D9B29A3491E8}.Debug|iPhone.ActiveCfg = Debug|Any CPU
		{CAA09609-7CD9-449F-A159-D9B29A3491E8}.Debug|iPhone.Build.0 = Debug|Any CPU
		{CAA09609-7CD9-449F-A159-D9B29A3491E8}.Debug|iPhone.Deploy.0 = Debug|Any CPU
		{CAA09609-7CD9-449F-A159-D9B29A3491E8}.Debug|iPhoneSimulator.ActiveCfg = Debug|Any CPU
		{CAA09609-7CD9-449F-A159-D9B29A3491E8}.Debug|iPhoneSimulator.Build.0 = Debug|Any CPU
		{CAA09609-7CD9-449F-A159-D9B29A3491E8}.Debug|iPhoneSimulator.Deploy.0 = Debug|Any CPU
		{CAA09609-7CD9-449F-A159-D9B29A3491E8}.Debug|x64.ActiveCfg = Debug|Any CPU
		{CAA09609-7CD9-449F-A159-D9B29A3491E8}.Debug|x64.Build.0 = Debug|Any CPU
		{CAA09609-7CD9-449F-A159-D9B29A3491E8}.Debug|x64.Deploy.0 = Debug|Any CPU
		{CAA09609-7CD9-449F-A159-D9B29A3491E8}.Debug|x86.ActiveCfg = Debug|Any CPU
		{CAA09609-7CD9-449F-A159-D9B29A3491E8}.Debug|x86.Build.0 = Debug|Any CPU
		{CAA09609-7CD9-449F-A159-D9B29A3491E8}.Debug|x86.Deploy.0 = Debug|Any CPU
		{CAA09609-7CD9-449F-A159-D9B29A3491E8}.Release|Any CPU.ActiveCfg = Release|Any CPU
		{CAA09609-7CD9-449F-A159-D9B29A3491E8}.Release|Any CPU.Build.0 = Release|Any CPU
		{CAA09609-7CD9-449F-A159-D9B29A3491E8}.Release|Any CPU.Deploy.0 = Release|Any CPU
		{CAA09609-7CD9-449F-A159-D9B29A3491E8}.Release|ARM.ActiveCfg = Release|Any CPU
		{CAA09609-7CD9-449F-A159-D9B29A3491E8}.Release|ARM.Build.0 = Release|Any CPU
		{CAA09609-7CD9-449F-A159-D9B29A3491E8}.Release|ARM.Deploy.0 = Release|Any CPU
		{CAA09609-7CD9-449F-A159-D9B29A3491E8}.Release|iPhone.ActiveCfg = Release|Any CPU
		{CAA09609-7CD9-449F-A159-D9B29A3491E8}.Release|iPhone.Build.0 = Release|Any CPU
		{CAA09609-7CD9-449F-A159-D9B29A3491E8}.Release|iPhone.Deploy.0 = Release|Any CPU
		{CAA09609-7CD9-449F-A159-D9B29A3491E8}.Release|iPhoneSimulator.ActiveCfg = Release|Any CPU
		{CAA09609-7CD9-449F-A159-D9B29A3491E8}.Release|iPhoneSimulator.Build.0 = Release|Any CPU
		{CAA09609-7CD9-449F-A159-D9B29A3491E8}.Release|iPhoneSimulator.Deploy.0 = Release|Any CPU
		{CAA09609-7CD9-449F-A159-D9B29A3491E8}.Release|x64.ActiveCfg = Release|Any CPU
		{CAA09609-7CD9-449F-A159-D9B29A3491E8}.Release|x64.Build.0 = Release|Any CPU
		{CAA09609-7CD9-449F-A159-D9B29A3491E8}.Release|x64.Deploy.0 = Release|Any CPU
		{CAA09609-7CD9-449F-A159-D9B29A3491E8}.Release|x86.ActiveCfg = Release|Any CPU
		{CAA09609-7CD9-449F-A159-D9B29A3491E8}.Release|x86.Build.0 = Release|Any CPU
		{CAA09609-7CD9-449F-A159-D9B29A3491E8}.Release|x86.Deploy.0 = Release|Any CPU
		{CAA09609-7CD9-449F-A159-D9B29A3491E8}.Travis|Any CPU.ActiveCfg = Debug|Any CPU
		{CAA09609-7CD9-449F-A159-D9B29A3491E8}.Travis|Any CPU.Build.0 = Debug|Any CPU
		{CAA09609-7CD9-449F-A159-D9B29A3491E8}.Travis|Any CPU.Deploy.0 = Debug|Any CPU
		{CAA09609-7CD9-449F-A159-D9B29A3491E8}.Travis|ARM.ActiveCfg = Debug|Any CPU
		{CAA09609-7CD9-449F-A159-D9B29A3491E8}.Travis|ARM.Build.0 = Debug|Any CPU
		{CAA09609-7CD9-449F-A159-D9B29A3491E8}.Travis|ARM.Deploy.0 = Debug|Any CPU
		{CAA09609-7CD9-449F-A159-D9B29A3491E8}.Travis|iPhone.ActiveCfg = Debug|Any CPU
		{CAA09609-7CD9-449F-A159-D9B29A3491E8}.Travis|iPhone.Build.0 = Debug|Any CPU
		{CAA09609-7CD9-449F-A159-D9B29A3491E8}.Travis|iPhone.Deploy.0 = Debug|Any CPU
		{CAA09609-7CD9-449F-A159-D9B29A3491E8}.Travis|iPhoneSimulator.ActiveCfg = Debug|Any CPU
		{CAA09609-7CD9-449F-A159-D9B29A3491E8}.Travis|iPhoneSimulator.Build.0 = Debug|Any CPU
		{CAA09609-7CD9-449F-A159-D9B29A3491E8}.Travis|iPhoneSimulator.Deploy.0 = Debug|Any CPU
		{CAA09609-7CD9-449F-A159-D9B29A3491E8}.Travis|x64.ActiveCfg = Debug|Any CPU
		{CAA09609-7CD9-449F-A159-D9B29A3491E8}.Travis|x64.Build.0 = Debug|Any CPU
		{CAA09609-7CD9-449F-A159-D9B29A3491E8}.Travis|x64.Deploy.0 = Debug|Any CPU
		{CAA09609-7CD9-449F-A159-D9B29A3491E8}.Travis|x86.ActiveCfg = Debug|Any CPU
		{CAA09609-7CD9-449F-A159-D9B29A3491E8}.Travis|x86.Build.0 = Debug|Any CPU
		{CAA09609-7CD9-449F-A159-D9B29A3491E8}.Travis|x86.Deploy.0 = Debug|Any CPU
		{CAA09609-7CD9-449F-A159-D9B29A3491E8}.Trial|Any CPU.ActiveCfg = Release|Any CPU
		{CAA09609-7CD9-449F-A159-D9B29A3491E8}.Trial|Any CPU.Build.0 = Release|Any CPU
		{CAA09609-7CD9-449F-A159-D9B29A3491E8}.Trial|Any CPU.Deploy.0 = Release|Any CPU
		{CAA09609-7CD9-449F-A159-D9B29A3491E8}.Trial|ARM.ActiveCfg = Release|Any CPU
		{CAA09609-7CD9-449F-A159-D9B29A3491E8}.Trial|ARM.Build.0 = Release|Any CPU
		{CAA09609-7CD9-449F-A159-D9B29A3491E8}.Trial|ARM.Deploy.0 = Release|Any CPU
		{CAA09609-7CD9-449F-A159-D9B29A3491E8}.Trial|iPhone.ActiveCfg = Release|Any CPU
		{CAA09609-7CD9-449F-A159-D9B29A3491E8}.Trial|iPhone.Build.0 = Release|Any CPU
		{CAA09609-7CD9-449F-A159-D9B29A3491E8}.Trial|iPhone.Deploy.0 = Release|Any CPU
		{CAA09609-7CD9-449F-A159-D9B29A3491E8}.Trial|iPhoneSimulator.ActiveCfg = Release|Any CPU
		{CAA09609-7CD9-449F-A159-D9B29A3491E8}.Trial|iPhoneSimulator.Build.0 = Release|Any CPU
		{CAA09609-7CD9-449F-A159-D9B29A3491E8}.Trial|iPhoneSimulator.Deploy.0 = Release|Any CPU
		{CAA09609-7CD9-449F-A159-D9B29A3491E8}.Trial|x64.ActiveCfg = Release|Any CPU
		{CAA09609-7CD9-449F-A159-D9B29A3491E8}.Trial|x64.Build.0 = Release|Any CPU
		{CAA09609-7CD9-449F-A159-D9B29A3491E8}.Trial|x64.Deploy.0 = Release|Any CPU
		{CAA09609-7CD9-449F-A159-D9B29A3491E8}.Trial|x86.ActiveCfg = Release|Any CPU
		{CAA09609-7CD9-449F-A159-D9B29A3491E8}.Trial|x86.Build.0 = Release|Any CPU
		{CAA09609-7CD9-449F-A159-D9B29A3491E8}.Trial|x86.Deploy.0 = Release|Any CPU
		{77832DED-EEFE-4DB9-94AF-B0BE02CEC356}.Ad-Hoc|Any CPU.ActiveCfg = Travis|Any CPU
		{77832DED-EEFE-4DB9-94AF-B0BE02CEC356}.Ad-Hoc|Any CPU.Build.0 = Travis|Any CPU
		{77832DED-EEFE-4DB9-94AF-B0BE02CEC356}.Ad-Hoc|ARM.ActiveCfg = Travis|Any CPU
		{77832DED-EEFE-4DB9-94AF-B0BE02CEC356}.Ad-Hoc|ARM.Build.0 = Travis|Any CPU
		{77832DED-EEFE-4DB9-94AF-B0BE02CEC356}.Ad-Hoc|iPhone.ActiveCfg = Travis|Any CPU
		{77832DED-EEFE-4DB9-94AF-B0BE02CEC356}.Ad-Hoc|iPhone.Build.0 = Travis|Any CPU
		{77832DED-EEFE-4DB9-94AF-B0BE02CEC356}.Ad-Hoc|iPhoneSimulator.ActiveCfg = Travis|Any CPU
		{77832DED-EEFE-4DB9-94AF-B0BE02CEC356}.Ad-Hoc|iPhoneSimulator.Build.0 = Travis|Any CPU
		{77832DED-EEFE-4DB9-94AF-B0BE02CEC356}.Ad-Hoc|x64.ActiveCfg = Travis|Any CPU
		{77832DED-EEFE-4DB9-94AF-B0BE02CEC356}.Ad-Hoc|x64.Build.0 = Travis|Any CPU
		{77832DED-EEFE-4DB9-94AF-B0BE02CEC356}.Ad-Hoc|x86.ActiveCfg = Travis|Any CPU
		{77832DED-EEFE-4DB9-94AF-B0BE02CEC356}.Ad-Hoc|x86.Build.0 = Travis|Any CPU
		{77832DED-EEFE-4DB9-94AF-B0BE02CEC356}.AppStore|Any CPU.ActiveCfg = Travis|Any CPU
		{77832DED-EEFE-4DB9-94AF-B0BE02CEC356}.AppStore|Any CPU.Build.0 = Travis|Any CPU
		{77832DED-EEFE-4DB9-94AF-B0BE02CEC356}.AppStore|ARM.ActiveCfg = Travis|Any CPU
		{77832DED-EEFE-4DB9-94AF-B0BE02CEC356}.AppStore|ARM.Build.0 = Travis|Any CPU
		{77832DED-EEFE-4DB9-94AF-B0BE02CEC356}.AppStore|iPhone.ActiveCfg = Travis|Any CPU
		{77832DED-EEFE-4DB9-94AF-B0BE02CEC356}.AppStore|iPhone.Build.0 = Travis|Any CPU
		{77832DED-EEFE-4DB9-94AF-B0BE02CEC356}.AppStore|iPhoneSimulator.ActiveCfg = Travis|Any CPU
		{77832DED-EEFE-4DB9-94AF-B0BE02CEC356}.AppStore|iPhoneSimulator.Build.0 = Travis|Any CPU
		{77832DED-EEFE-4DB9-94AF-B0BE02CEC356}.AppStore|x64.ActiveCfg = Travis|Any CPU
		{77832DED-EEFE-4DB9-94AF-B0BE02CEC356}.AppStore|x64.Build.0 = Travis|Any CPU
		{77832DED-EEFE-4DB9-94AF-B0BE02CEC356}.AppStore|x86.ActiveCfg = Travis|Any CPU
		{77832DED-EEFE-4DB9-94AF-B0BE02CEC356}.AppStore|x86.Build.0 = Travis|Any CPU
		{77832DED-EEFE-4DB9-94AF-B0BE02CEC356}.Debug|Any CPU.ActiveCfg = Debug|Any CPU
		{77832DED-EEFE-4DB9-94AF-B0BE02CEC356}.Debug|Any CPU.Build.0 = Debug|Any CPU
		{77832DED-EEFE-4DB9-94AF-B0BE02CEC356}.Debug|ARM.ActiveCfg = Debug|Any CPU
		{77832DED-EEFE-4DB9-94AF-B0BE02CEC356}.Debug|ARM.Build.0 = Debug|Any CPU
		{77832DED-EEFE-4DB9-94AF-B0BE02CEC356}.Debug|iPhone.ActiveCfg = Debug|Any CPU
		{77832DED-EEFE-4DB9-94AF-B0BE02CEC356}.Debug|iPhone.Build.0 = Debug|Any CPU
		{77832DED-EEFE-4DB9-94AF-B0BE02CEC356}.Debug|iPhoneSimulator.ActiveCfg = Debug|Any CPU
		{77832DED-EEFE-4DB9-94AF-B0BE02CEC356}.Debug|iPhoneSimulator.Build.0 = Debug|Any CPU
		{77832DED-EEFE-4DB9-94AF-B0BE02CEC356}.Debug|x64.ActiveCfg = Debug|Any CPU
		{77832DED-EEFE-4DB9-94AF-B0BE02CEC356}.Debug|x64.Build.0 = Debug|Any CPU
		{77832DED-EEFE-4DB9-94AF-B0BE02CEC356}.Debug|x86.ActiveCfg = Debug|Any CPU
		{77832DED-EEFE-4DB9-94AF-B0BE02CEC356}.Debug|x86.Build.0 = Debug|Any CPU
		{77832DED-EEFE-4DB9-94AF-B0BE02CEC356}.Release|Any CPU.ActiveCfg = Release|Any CPU
		{77832DED-EEFE-4DB9-94AF-B0BE02CEC356}.Release|Any CPU.Build.0 = Release|Any CPU
		{77832DED-EEFE-4DB9-94AF-B0BE02CEC356}.Release|ARM.ActiveCfg = Release|Any CPU
		{77832DED-EEFE-4DB9-94AF-B0BE02CEC356}.Release|ARM.Build.0 = Release|Any CPU
		{77832DED-EEFE-4DB9-94AF-B0BE02CEC356}.Release|iPhone.ActiveCfg = Release|Any CPU
		{77832DED-EEFE-4DB9-94AF-B0BE02CEC356}.Release|iPhone.Build.0 = Release|Any CPU
		{77832DED-EEFE-4DB9-94AF-B0BE02CEC356}.Release|iPhoneSimulator.ActiveCfg = Release|Any CPU
		{77832DED-EEFE-4DB9-94AF-B0BE02CEC356}.Release|iPhoneSimulator.Build.0 = Release|Any CPU
		{77832DED-EEFE-4DB9-94AF-B0BE02CEC356}.Release|x64.ActiveCfg = Release|Any CPU
		{77832DED-EEFE-4DB9-94AF-B0BE02CEC356}.Release|x64.Build.0 = Release|Any CPU
		{77832DED-EEFE-4DB9-94AF-B0BE02CEC356}.Release|x86.ActiveCfg = Release|Any CPU
		{77832DED-EEFE-4DB9-94AF-B0BE02CEC356}.Release|x86.Build.0 = Release|Any CPU
		{77832DED-EEFE-4DB9-94AF-B0BE02CEC356}.Travis|Any CPU.ActiveCfg = Travis|Any CPU
		{77832DED-EEFE-4DB9-94AF-B0BE02CEC356}.Travis|Any CPU.Build.0 = Travis|Any CPU
		{77832DED-EEFE-4DB9-94AF-B0BE02CEC356}.Travis|ARM.ActiveCfg = Travis|Any CPU
		{77832DED-EEFE-4DB9-94AF-B0BE02CEC356}.Travis|ARM.Build.0 = Travis|Any CPU
		{77832DED-EEFE-4DB9-94AF-B0BE02CEC356}.Travis|iPhone.ActiveCfg = Travis|Any CPU
		{77832DED-EEFE-4DB9-94AF-B0BE02CEC356}.Travis|iPhone.Build.0 = Travis|Any CPU
		{77832DED-EEFE-4DB9-94AF-B0BE02CEC356}.Travis|iPhoneSimulator.ActiveCfg = Travis|Any CPU
		{77832DED-EEFE-4DB9-94AF-B0BE02CEC356}.Travis|iPhoneSimulator.Build.0 = Travis|Any CPU
		{77832DED-EEFE-4DB9-94AF-B0BE02CEC356}.Travis|x64.ActiveCfg = Travis|Any CPU
		{77832DED-EEFE-4DB9-94AF-B0BE02CEC356}.Travis|x64.Build.0 = Travis|Any CPU
		{77832DED-EEFE-4DB9-94AF-B0BE02CEC356}.Travis|x86.ActiveCfg = Travis|Any CPU
		{77832DED-EEFE-4DB9-94AF-B0BE02CEC356}.Travis|x86.Build.0 = Travis|Any CPU
		{77832DED-EEFE-4DB9-94AF-B0BE02CEC356}.Trial|Any CPU.ActiveCfg = Travis|Any CPU
		{77832DED-EEFE-4DB9-94AF-B0BE02CEC356}.Trial|Any CPU.Build.0 = Travis|Any CPU
		{77832DED-EEFE-4DB9-94AF-B0BE02CEC356}.Trial|ARM.ActiveCfg = Travis|Any CPU
		{77832DED-EEFE-4DB9-94AF-B0BE02CEC356}.Trial|ARM.Build.0 = Travis|Any CPU
		{77832DED-EEFE-4DB9-94AF-B0BE02CEC356}.Trial|iPhone.ActiveCfg = Travis|Any CPU
		{77832DED-EEFE-4DB9-94AF-B0BE02CEC356}.Trial|iPhone.Build.0 = Travis|Any CPU
		{77832DED-EEFE-4DB9-94AF-B0BE02CEC356}.Trial|iPhoneSimulator.ActiveCfg = Travis|Any CPU
		{77832DED-EEFE-4DB9-94AF-B0BE02CEC356}.Trial|iPhoneSimulator.Build.0 = Travis|Any CPU
		{77832DED-EEFE-4DB9-94AF-B0BE02CEC356}.Trial|x64.ActiveCfg = Travis|Any CPU
		{77832DED-EEFE-4DB9-94AF-B0BE02CEC356}.Trial|x64.Build.0 = Travis|Any CPU
		{77832DED-EEFE-4DB9-94AF-B0BE02CEC356}.Trial|x86.ActiveCfg = Travis|Any CPU
		{77832DED-EEFE-4DB9-94AF-B0BE02CEC356}.Trial|x86.Build.0 = Travis|Any CPU
		{08D4701E-168C-43D1-9C6E-34B079CFD934}.Ad-Hoc|Any CPU.ActiveCfg = Travis|Any CPU
		{08D4701E-168C-43D1-9C6E-34B079CFD934}.Ad-Hoc|Any CPU.Build.0 = Travis|Any CPU
		{08D4701E-168C-43D1-9C6E-34B079CFD934}.Ad-Hoc|ARM.ActiveCfg = Travis|Any CPU
		{08D4701E-168C-43D1-9C6E-34B079CFD934}.Ad-Hoc|ARM.Build.0 = Travis|Any CPU
		{08D4701E-168C-43D1-9C6E-34B079CFD934}.Ad-Hoc|iPhone.ActiveCfg = Travis|Any CPU
		{08D4701E-168C-43D1-9C6E-34B079CFD934}.Ad-Hoc|iPhone.Build.0 = Travis|Any CPU
		{08D4701E-168C-43D1-9C6E-34B079CFD934}.Ad-Hoc|iPhoneSimulator.ActiveCfg = Travis|Any CPU
		{08D4701E-168C-43D1-9C6E-34B079CFD934}.Ad-Hoc|iPhoneSimulator.Build.0 = Travis|Any CPU
		{08D4701E-168C-43D1-9C6E-34B079CFD934}.Ad-Hoc|x64.ActiveCfg = Travis|Any CPU
		{08D4701E-168C-43D1-9C6E-34B079CFD934}.Ad-Hoc|x64.Build.0 = Travis|Any CPU
		{08D4701E-168C-43D1-9C6E-34B079CFD934}.Ad-Hoc|x86.ActiveCfg = Travis|Any CPU
		{08D4701E-168C-43D1-9C6E-34B079CFD934}.Ad-Hoc|x86.Build.0 = Travis|Any CPU
		{08D4701E-168C-43D1-9C6E-34B079CFD934}.AppStore|Any CPU.ActiveCfg = Travis|Any CPU
		{08D4701E-168C-43D1-9C6E-34B079CFD934}.AppStore|Any CPU.Build.0 = Travis|Any CPU
		{08D4701E-168C-43D1-9C6E-34B079CFD934}.AppStore|ARM.ActiveCfg = Travis|Any CPU
		{08D4701E-168C-43D1-9C6E-34B079CFD934}.AppStore|ARM.Build.0 = Travis|Any CPU
		{08D4701E-168C-43D1-9C6E-34B079CFD934}.AppStore|iPhone.ActiveCfg = Travis|Any CPU
		{08D4701E-168C-43D1-9C6E-34B079CFD934}.AppStore|iPhone.Build.0 = Travis|Any CPU
		{08D4701E-168C-43D1-9C6E-34B079CFD934}.AppStore|iPhoneSimulator.ActiveCfg = Travis|Any CPU
		{08D4701E-168C-43D1-9C6E-34B079CFD934}.AppStore|iPhoneSimulator.Build.0 = Travis|Any CPU
		{08D4701E-168C-43D1-9C6E-34B079CFD934}.AppStore|x64.ActiveCfg = Travis|Any CPU
		{08D4701E-168C-43D1-9C6E-34B079CFD934}.AppStore|x64.Build.0 = Travis|Any CPU
		{08D4701E-168C-43D1-9C6E-34B079CFD934}.AppStore|x86.ActiveCfg = Travis|Any CPU
		{08D4701E-168C-43D1-9C6E-34B079CFD934}.AppStore|x86.Build.0 = Travis|Any CPU
		{08D4701E-168C-43D1-9C6E-34B079CFD934}.Debug|Any CPU.ActiveCfg = Debug|Any CPU
		{08D4701E-168C-43D1-9C6E-34B079CFD934}.Debug|Any CPU.Build.0 = Debug|Any CPU
		{08D4701E-168C-43D1-9C6E-34B079CFD934}.Debug|ARM.ActiveCfg = Debug|Any CPU
		{08D4701E-168C-43D1-9C6E-34B079CFD934}.Debug|ARM.Build.0 = Debug|Any CPU
		{08D4701E-168C-43D1-9C6E-34B079CFD934}.Debug|iPhone.ActiveCfg = Debug|Any CPU
		{08D4701E-168C-43D1-9C6E-34B079CFD934}.Debug|iPhone.Build.0 = Debug|Any CPU
		{08D4701E-168C-43D1-9C6E-34B079CFD934}.Debug|iPhoneSimulator.ActiveCfg = Debug|Any CPU
		{08D4701E-168C-43D1-9C6E-34B079CFD934}.Debug|iPhoneSimulator.Build.0 = Debug|Any CPU
		{08D4701E-168C-43D1-9C6E-34B079CFD934}.Debug|x64.ActiveCfg = Debug|Any CPU
		{08D4701E-168C-43D1-9C6E-34B079CFD934}.Debug|x64.Build.0 = Debug|Any CPU
		{08D4701E-168C-43D1-9C6E-34B079CFD934}.Debug|x86.ActiveCfg = Debug|Any CPU
		{08D4701E-168C-43D1-9C6E-34B079CFD934}.Debug|x86.Build.0 = Debug|Any CPU
		{08D4701E-168C-43D1-9C6E-34B079CFD934}.Release|Any CPU.ActiveCfg = Release|Any CPU
		{08D4701E-168C-43D1-9C6E-34B079CFD934}.Release|Any CPU.Build.0 = Release|Any CPU
		{08D4701E-168C-43D1-9C6E-34B079CFD934}.Release|ARM.ActiveCfg = Release|Any CPU
		{08D4701E-168C-43D1-9C6E-34B079CFD934}.Release|ARM.Build.0 = Release|Any CPU
		{08D4701E-168C-43D1-9C6E-34B079CFD934}.Release|iPhone.ActiveCfg = Release|Any CPU
		{08D4701E-168C-43D1-9C6E-34B079CFD934}.Release|iPhone.Build.0 = Release|Any CPU
		{08D4701E-168C-43D1-9C6E-34B079CFD934}.Release|iPhoneSimulator.ActiveCfg = Release|Any CPU
		{08D4701E-168C-43D1-9C6E-34B079CFD934}.Release|iPhoneSimulator.Build.0 = Release|Any CPU
		{08D4701E-168C-43D1-9C6E-34B079CFD934}.Release|x64.ActiveCfg = Release|Any CPU
		{08D4701E-168C-43D1-9C6E-34B079CFD934}.Release|x64.Build.0 = Release|Any CPU
		{08D4701E-168C-43D1-9C6E-34B079CFD934}.Release|x86.ActiveCfg = Release|Any CPU
		{08D4701E-168C-43D1-9C6E-34B079CFD934}.Release|x86.Build.0 = Release|Any CPU
		{08D4701E-168C-43D1-9C6E-34B079CFD934}.Travis|Any CPU.ActiveCfg = Travis|Any CPU
		{08D4701E-168C-43D1-9C6E-34B079CFD934}.Travis|Any CPU.Build.0 = Travis|Any CPU
		{08D4701E-168C-43D1-9C6E-34B079CFD934}.Travis|ARM.ActiveCfg = Travis|Any CPU
		{08D4701E-168C-43D1-9C6E-34B079CFD934}.Travis|ARM.Build.0 = Travis|Any CPU
		{08D4701E-168C-43D1-9C6E-34B079CFD934}.Travis|iPhone.ActiveCfg = Travis|Any CPU
		{08D4701E-168C-43D1-9C6E-34B079CFD934}.Travis|iPhone.Build.0 = Travis|Any CPU
		{08D4701E-168C-43D1-9C6E-34B079CFD934}.Travis|iPhoneSimulator.ActiveCfg = Travis|Any CPU
		{08D4701E-168C-43D1-9C6E-34B079CFD934}.Travis|iPhoneSimulator.Build.0 = Travis|Any CPU
		{08D4701E-168C-43D1-9C6E-34B079CFD934}.Travis|x64.ActiveCfg = Travis|Any CPU
		{08D4701E-168C-43D1-9C6E-34B079CFD934}.Travis|x64.Build.0 = Travis|Any CPU
		{08D4701E-168C-43D1-9C6E-34B079CFD934}.Travis|x86.ActiveCfg = Travis|Any CPU
		{08D4701E-168C-43D1-9C6E-34B079CFD934}.Travis|x86.Build.0 = Travis|Any CPU
		{08D4701E-168C-43D1-9C6E-34B079CFD934}.Trial|Any CPU.ActiveCfg = Travis|Any CPU
		{08D4701E-168C-43D1-9C6E-34B079CFD934}.Trial|Any CPU.Build.0 = Travis|Any CPU
		{08D4701E-168C-43D1-9C6E-34B079CFD934}.Trial|ARM.ActiveCfg = Travis|Any CPU
		{08D4701E-168C-43D1-9C6E-34B079CFD934}.Trial|ARM.Build.0 = Travis|Any CPU
		{08D4701E-168C-43D1-9C6E-34B079CFD934}.Trial|iPhone.ActiveCfg = Travis|Any CPU
		{08D4701E-168C-43D1-9C6E-34B079CFD934}.Trial|iPhone.Build.0 = Travis|Any CPU
		{08D4701E-168C-43D1-9C6E-34B079CFD934}.Trial|iPhoneSimulator.ActiveCfg = Travis|Any CPU
		{08D4701E-168C-43D1-9C6E-34B079CFD934}.Trial|iPhoneSimulator.Build.0 = Travis|Any CPU
		{08D4701E-168C-43D1-9C6E-34B079CFD934}.Trial|x64.ActiveCfg = Travis|Any CPU
		{08D4701E-168C-43D1-9C6E-34B079CFD934}.Trial|x64.Build.0 = Travis|Any CPU
		{08D4701E-168C-43D1-9C6E-34B079CFD934}.Trial|x86.ActiveCfg = Travis|Any CPU
		{08D4701E-168C-43D1-9C6E-34B079CFD934}.Trial|x86.Build.0 = Travis|Any CPU
		{1BB4CF4D-3617-4A23-B51A-DA7711E6F8EB}.Ad-Hoc|Any CPU.ActiveCfg = Release|Any CPU
		{1BB4CF4D-3617-4A23-B51A-DA7711E6F8EB}.Ad-Hoc|Any CPU.Build.0 = Release|Any CPU
		{1BB4CF4D-3617-4A23-B51A-DA7711E6F8EB}.Ad-Hoc|ARM.ActiveCfg = Release|Any CPU
		{1BB4CF4D-3617-4A23-B51A-DA7711E6F8EB}.Ad-Hoc|ARM.Build.0 = Release|Any CPU
		{1BB4CF4D-3617-4A23-B51A-DA7711E6F8EB}.Ad-Hoc|iPhone.ActiveCfg = Release|Any CPU
		{1BB4CF4D-3617-4A23-B51A-DA7711E6F8EB}.Ad-Hoc|iPhone.Build.0 = Release|Any CPU
		{1BB4CF4D-3617-4A23-B51A-DA7711E6F8EB}.Ad-Hoc|iPhoneSimulator.ActiveCfg = Release|Any CPU
		{1BB4CF4D-3617-4A23-B51A-DA7711E6F8EB}.Ad-Hoc|iPhoneSimulator.Build.0 = Release|Any CPU
		{1BB4CF4D-3617-4A23-B51A-DA7711E6F8EB}.Ad-Hoc|x64.ActiveCfg = Release|Any CPU
		{1BB4CF4D-3617-4A23-B51A-DA7711E6F8EB}.Ad-Hoc|x64.Build.0 = Release|Any CPU
		{1BB4CF4D-3617-4A23-B51A-DA7711E6F8EB}.Ad-Hoc|x86.ActiveCfg = Release|Any CPU
		{1BB4CF4D-3617-4A23-B51A-DA7711E6F8EB}.Ad-Hoc|x86.Build.0 = Release|Any CPU
		{1BB4CF4D-3617-4A23-B51A-DA7711E6F8EB}.AppStore|Any CPU.ActiveCfg = Release|Any CPU
		{1BB4CF4D-3617-4A23-B51A-DA7711E6F8EB}.AppStore|Any CPU.Build.0 = Release|Any CPU
		{1BB4CF4D-3617-4A23-B51A-DA7711E6F8EB}.AppStore|ARM.ActiveCfg = Release|Any CPU
		{1BB4CF4D-3617-4A23-B51A-DA7711E6F8EB}.AppStore|ARM.Build.0 = Release|Any CPU
		{1BB4CF4D-3617-4A23-B51A-DA7711E6F8EB}.AppStore|iPhone.ActiveCfg = Release|Any CPU
		{1BB4CF4D-3617-4A23-B51A-DA7711E6F8EB}.AppStore|iPhone.Build.0 = Release|Any CPU
		{1BB4CF4D-3617-4A23-B51A-DA7711E6F8EB}.AppStore|iPhoneSimulator.ActiveCfg = Release|Any CPU
		{1BB4CF4D-3617-4A23-B51A-DA7711E6F8EB}.AppStore|iPhoneSimulator.Build.0 = Release|Any CPU
		{1BB4CF4D-3617-4A23-B51A-DA7711E6F8EB}.AppStore|x64.ActiveCfg = Release|Any CPU
		{1BB4CF4D-3617-4A23-B51A-DA7711E6F8EB}.AppStore|x64.Build.0 = Release|Any CPU
		{1BB4CF4D-3617-4A23-B51A-DA7711E6F8EB}.AppStore|x86.ActiveCfg = Release|Any CPU
		{1BB4CF4D-3617-4A23-B51A-DA7711E6F8EB}.AppStore|x86.Build.0 = Release|Any CPU
		{1BB4CF4D-3617-4A23-B51A-DA7711E6F8EB}.Debug|Any CPU.ActiveCfg = Debug|Any CPU
		{1BB4CF4D-3617-4A23-B51A-DA7711E6F8EB}.Debug|Any CPU.Build.0 = Debug|Any CPU
		{1BB4CF4D-3617-4A23-B51A-DA7711E6F8EB}.Debug|ARM.ActiveCfg = Debug|Any CPU
		{1BB4CF4D-3617-4A23-B51A-DA7711E6F8EB}.Debug|ARM.Build.0 = Debug|Any CPU
		{1BB4CF4D-3617-4A23-B51A-DA7711E6F8EB}.Debug|iPhone.ActiveCfg = Debug|Any CPU
		{1BB4CF4D-3617-4A23-B51A-DA7711E6F8EB}.Debug|iPhone.Build.0 = Debug|Any CPU
		{1BB4CF4D-3617-4A23-B51A-DA7711E6F8EB}.Debug|iPhoneSimulator.ActiveCfg = Debug|Any CPU
		{1BB4CF4D-3617-4A23-B51A-DA7711E6F8EB}.Debug|iPhoneSimulator.Build.0 = Debug|Any CPU
		{1BB4CF4D-3617-4A23-B51A-DA7711E6F8EB}.Debug|x64.ActiveCfg = Debug|Any CPU
		{1BB4CF4D-3617-4A23-B51A-DA7711E6F8EB}.Debug|x64.Build.0 = Debug|Any CPU
		{1BB4CF4D-3617-4A23-B51A-DA7711E6F8EB}.Debug|x86.ActiveCfg = Debug|Any CPU
		{1BB4CF4D-3617-4A23-B51A-DA7711E6F8EB}.Debug|x86.Build.0 = Debug|Any CPU
		{1BB4CF4D-3617-4A23-B51A-DA7711E6F8EB}.Release|Any CPU.ActiveCfg = Release|Any CPU
		{1BB4CF4D-3617-4A23-B51A-DA7711E6F8EB}.Release|Any CPU.Build.0 = Release|Any CPU
		{1BB4CF4D-3617-4A23-B51A-DA7711E6F8EB}.Release|ARM.ActiveCfg = Release|Any CPU
		{1BB4CF4D-3617-4A23-B51A-DA7711E6F8EB}.Release|ARM.Build.0 = Release|Any CPU
		{1BB4CF4D-3617-4A23-B51A-DA7711E6F8EB}.Release|iPhone.ActiveCfg = Release|Any CPU
		{1BB4CF4D-3617-4A23-B51A-DA7711E6F8EB}.Release|iPhone.Build.0 = Release|Any CPU
		{1BB4CF4D-3617-4A23-B51A-DA7711E6F8EB}.Release|iPhoneSimulator.ActiveCfg = Release|Any CPU
		{1BB4CF4D-3617-4A23-B51A-DA7711E6F8EB}.Release|iPhoneSimulator.Build.0 = Release|Any CPU
		{1BB4CF4D-3617-4A23-B51A-DA7711E6F8EB}.Release|x64.ActiveCfg = Release|Any CPU
		{1BB4CF4D-3617-4A23-B51A-DA7711E6F8EB}.Release|x64.Build.0 = Release|Any CPU
		{1BB4CF4D-3617-4A23-B51A-DA7711E6F8EB}.Release|x86.ActiveCfg = Release|Any CPU
		{1BB4CF4D-3617-4A23-B51A-DA7711E6F8EB}.Release|x86.Build.0 = Release|Any CPU
		{1BB4CF4D-3617-4A23-B51A-DA7711E6F8EB}.Travis|Any CPU.ActiveCfg = Release|Any CPU
		{1BB4CF4D-3617-4A23-B51A-DA7711E6F8EB}.Travis|Any CPU.Build.0 = Release|Any CPU
		{1BB4CF4D-3617-4A23-B51A-DA7711E6F8EB}.Travis|ARM.ActiveCfg = Release|Any CPU
		{1BB4CF4D-3617-4A23-B51A-DA7711E6F8EB}.Travis|ARM.Build.0 = Release|Any CPU
		{1BB4CF4D-3617-4A23-B51A-DA7711E6F8EB}.Travis|iPhone.ActiveCfg = Release|Any CPU
		{1BB4CF4D-3617-4A23-B51A-DA7711E6F8EB}.Travis|iPhone.Build.0 = Release|Any CPU
		{1BB4CF4D-3617-4A23-B51A-DA7711E6F8EB}.Travis|iPhoneSimulator.ActiveCfg = Release|Any CPU
		{1BB4CF4D-3617-4A23-B51A-DA7711E6F8EB}.Travis|iPhoneSimulator.Build.0 = Release|Any CPU
		{1BB4CF4D-3617-4A23-B51A-DA7711E6F8EB}.Travis|x64.ActiveCfg = Release|Any CPU
		{1BB4CF4D-3617-4A23-B51A-DA7711E6F8EB}.Travis|x64.Build.0 = Release|Any CPU
		{1BB4CF4D-3617-4A23-B51A-DA7711E6F8EB}.Travis|x86.ActiveCfg = Release|Any CPU
		{1BB4CF4D-3617-4A23-B51A-DA7711E6F8EB}.Travis|x86.Build.0 = Release|Any CPU
		{1BB4CF4D-3617-4A23-B51A-DA7711E6F8EB}.Trial|Any CPU.ActiveCfg = Release|Any CPU
		{1BB4CF4D-3617-4A23-B51A-DA7711E6F8EB}.Trial|Any CPU.Build.0 = Release|Any CPU
		{1BB4CF4D-3617-4A23-B51A-DA7711E6F8EB}.Trial|ARM.ActiveCfg = Release|Any CPU
		{1BB4CF4D-3617-4A23-B51A-DA7711E6F8EB}.Trial|ARM.Build.0 = Release|Any CPU
		{1BB4CF4D-3617-4A23-B51A-DA7711E6F8EB}.Trial|iPhone.ActiveCfg = Release|Any CPU
		{1BB4CF4D-3617-4A23-B51A-DA7711E6F8EB}.Trial|iPhone.Build.0 = Release|Any CPU
		{1BB4CF4D-3617-4A23-B51A-DA7711E6F8EB}.Trial|iPhoneSimulator.ActiveCfg = Release|Any CPU
		{1BB4CF4D-3617-4A23-B51A-DA7711E6F8EB}.Trial|iPhoneSimulator.Build.0 = Release|Any CPU
		{1BB4CF4D-3617-4A23-B51A-DA7711E6F8EB}.Trial|x64.ActiveCfg = Release|Any CPU
		{1BB4CF4D-3617-4A23-B51A-DA7711E6F8EB}.Trial|x64.Build.0 = Release|Any CPU
		{1BB4CF4D-3617-4A23-B51A-DA7711E6F8EB}.Trial|x86.ActiveCfg = Release|Any CPU
		{1BB4CF4D-3617-4A23-B51A-DA7711E6F8EB}.Trial|x86.Build.0 = Release|Any CPU
	EndGlobalSection
	GlobalSection(SolutionProperties) = preSolution
		HideSolutionNode = FALSE
	EndGlobalSection
EndGlobal
